
Microsoft Visual Studio Solution File, Format Version 12.00
# Visual Studio 15
VisualStudioVersion = 15.0.28307.1972
MinimumVisualStudioVersion = 10.0.40219.1
Project("{8BC9CEB8-8B4A-11D0-8D11-00A0C91BC942}") = "ByteBuffer", "ByteBuffer\ByteBuffer.vcxproj", "{3B940829-B62C-4E00-9403-CA4B161455C1}"
EndProject
Global
	GlobalSection(SolutionConfigurationPlatforms) = preSolution
		Debug|x64 = Debug|x64
		Debug|x86 = Debug|x86
		Release|x64 = Release|x64
		Release|x86 = Release|x86
	EndGlobalSection
	GlobalSection(ProjectConfigurationPlatforms) = postSolution
		{3B940829-B62C-4E00-9403-CA4B161455C1}.Debug|x64.ActiveCfg = Debug|x64
		{3B940829-B62C-4E00-9403-CA4B161455C1}.Debug|x64.Build.0 = Debug|x64
		{3B940829-B62C-4E00-9403-CA4B161455C1}.Debug|x86.ActiveCfg = Debug|Win32
		{3B940829-B62C-4E00-9403-CA4B161455C1}.Debug|x86.Build.0 = Debug|Win32
		{3B940829-B62C-4E00-9403-CA4B161455C1}.Release|x64.ActiveCfg = Release|x64
		{3B940829-B62C-4E00-9403-CA4B161455C1}.Release|x64.Build.0 = Release|x64
		{3B940829-B62C-4E00-9403-CA4B161455C1}.Release|x86.ActiveCfg = Release|Win32
		{3B940829-B62C-4E00-9403-CA4B161455C1}.Release|x86.Build.0 = Release|Win32
	EndGlobalSection
	GlobalSection(SolutionProperties) = preSolution
		HideSolutionNode = FALSE
	EndGlobalSection
	GlobalSection(ExtensibilityGlobals) = postSolution
		SolutionGuid = {46ACD7C2-86C2-4BE5-B007-26E2E9C4A94B}
	EndGlobalSection
EndGlobal
